{"is_source_file": false, "format": "", "description": "", "external_files": [], "external_methods": [], "published": [], "classes": [], "methods": [], "calls": [], "search_terms": [], "state": 2, "file_id": 11, "knowledge_revision": 29, "git_revision": "addc18e7068a3c1db51142943be49a6319aad815", "filename": "/home/kavia/workspace/code-generation/resumegenie-25319-282d1c45/resumegenie_frontend/post_process_status.lock", "hash": "9c4ed7ef73e22b872b8055bec08b8979", "format-version": 4, "code-base-name": "default", "revision_history": [{"29": "addc18e7068a3c1db51142943be49a6319aad815"}]}